
Microsoft Visual Studio Solution File, Format Version 12.00
# Visual Studio 2012
Project("{FAE04EC0-301F-11D3-BF4B-00C04F79EFBC}") = "Corporate.WPF", "Corporate.WPF\Corporate.WPF.csproj", "{7E67B0D9-6958-4AC7-A31F-4803CB981D82}"
EndProject
Project("{FAE04EC0-301F-11D3-BF4B-00C04F79EFBC}") = "Corporate.Domain", "Corporate.Domain\Corporate.Domain.csproj", "{C5CD4998-21D0-4628-BF4B-D52D863EC588}"
EndProject
Project("{FAE04EC0-301F-11D3-BF4B-00C04F79EFBC}") = "Corporate.Service", "Corporate.Service\Corporate.Service.csproj", "{4D1125CA-C45C-4B96-BED3-0E19F84E12CD}"
EndProject
Project("{FAE04EC0-301F-11D3-BF4B-00C04F79EFBC}") = "Corporate.Interfaces", "Corporate.Interfaces\Corporate.Interfaces.csproj", "{AD3A7093-BDA8-4516-BFB8-4A3C62DF216B}"
EndProject
Project("{FAE04EC0-301F-11D3-BF4B-00C04F79EFBC}") = "Corporate.UI", "Corporate.UI\Corporate.UI.csproj", "{DE519928-3038-4286-B341-E11F1549C6CC}"
EndProject
Global
	GlobalSection(SolutionConfigurationPlatforms) = preSolution
		Debug|Any CPU = Debug|Any CPU
		Release|Any CPU = Release|Any CPU
	EndGlobalSection
	GlobalSection(ProjectConfigurationPlatforms) = postSolution
		{7E67B0D9-6958-4AC7-A31F-4803CB981D82}.Debug|Any CPU.ActiveCfg = Debug|Any CPU
		{7E67B0D9-6958-4AC7-A31F-4803CB981D82}.Debug|Any CPU.Build.0 = Debug|Any CPU
		{7E67B0D9-6958-4AC7-A31F-4803CB981D82}.Release|Any CPU.ActiveCfg = Release|Any CPU
		{7E67B0D9-6958-4AC7-A31F-4803CB981D82}.Release|Any CPU.Build.0 = Release|Any CPU
		{C5CD4998-21D0-4628-BF4B-D52D863EC588}.Debug|Any CPU.ActiveCfg = Debug|Any CPU
		{C5CD4998-21D0-4628-BF4B-D52D863EC588}.Debug|Any CPU.Build.0 = Debug|Any CPU
		{C5CD4998-21D0-4628-BF4B-D52D863EC588}.Release|Any CPU.ActiveCfg = Release|Any CPU
		{C5CD4998-21D0-4628-BF4B-D52D863EC588}.Release|Any CPU.Build.0 = Release|Any CPU
		{4D1125CA-C45C-4B96-BED3-0E19F84E12CD}.Debug|Any CPU.ActiveCfg = Debug|Any CPU
		{4D1125CA-C45C-4B96-BED3-0E19F84E12CD}.Debug|Any CPU.Build.0 = Debug|Any CPU
		{4D1125CA-C45C-4B96-BED3-0E19F84E12CD}.Release|Any CPU.ActiveCfg = Release|Any CPU
		{4D1125CA-C45C-4B96-BED3-0E19F84E12CD}.Release|Any CPU.Build.0 = Release|Any CPU
		{AD3A7093-BDA8-4516-BFB8-4A3C62DF216B}.Debug|Any CPU.ActiveCfg = Debug|Any CPU
		{AD3A7093-BDA8-4516-BFB8-4A3C62DF216B}.Debug|Any CPU.Build.0 = Debug|Any CPU
		{AD3A7093-BDA8-4516-BFB8-4A3C62DF216B}.Release|Any CPU.ActiveCfg = Release|Any CPU
		{AD3A7093-BDA8-4516-BFB8-4A3C62DF216B}.Release|Any CPU.Build.0 = Release|Any CPU
		{DE519928-3038-4286-B341-E11F1549C6CC}.Debug|Any CPU.ActiveCfg = Debug|Any CPU
		{DE519928-3038-4286-B341-E11F1549C6CC}.Debug|Any CPU.Build.0 = Debug|Any CPU
		{DE519928-3038-4286-B341-E11F1549C6CC}.Release|Any CPU.ActiveCfg = Release|Any CPU
		{DE519928-3038-4286-B341-E11F1549C6CC}.Release|Any CPU.Build.0 = Release|Any CPU
	EndGlobalSection
	GlobalSection(SolutionProperties) = preSolution
		HideSolutionNode = FALSE
	EndGlobalSection
EndGlobal
